
Microsoft Visual Studio Solution File, Format Version 12.00
# Visual Studio Version 17
VisualStudioVersion = 17.11.35327.3
MinimumVisualStudioVersion = 10.0.40219.1
Project("{FAE04EC0-301F-11D3-BF4B-00C04F79EFBC}") = "DatabaseConnLibrary", "DatabaseConnLibrary\DatabaseConnLibrary.csproj", "{03E4D088-6678-4434-8FEF-570E9DEAF1E7}"
EndProject
Project("{FAE04EC0-301F-11D3-BF4B-00C04F79EFBC}") = "DatabaseLibraryTestProj", "DatabaseLibraryTestProj\DatabaseLibraryTestProj.csproj", "{623067C0-45E0-4BB1-A9A9-59F0A07D997A}"
EndProject
Global
	GlobalSection(SolutionConfigurationPlatforms) = preSolution
		Debug|Any CPU = Debug|Any CPU
		Release|Any CPU = Release|Any CPU
	EndGlobalSection
	GlobalSection(ProjectConfigurationPlatforms) = postSolution
		{03E4D088-6678-4434-8FEF-570E9DEAF1E7}.Debug|Any CPU.ActiveCfg = Debug|Any CPU
		{03E4D088-6678-4434-8FEF-570E9DEAF1E7}.Debug|Any CPU.Build.0 = Debug|Any CPU
		{03E4D088-6678-4434-8FEF-570E9DEAF1E7}.Release|Any CPU.ActiveCfg = Release|Any CPU
		{03E4D088-6678-4434-8FEF-570E9DEAF1E7}.Release|Any CPU.Build.0 = Release|Any CPU
		{623067C0-45E0-4BB1-A9A9-59F0A07D997A}.Debug|Any CPU.ActiveCfg = Debug|Any CPU
		{623067C0-45E0-4BB1-A9A9-59F0A07D997A}.Debug|Any CPU.Build.0 = Debug|Any CPU
		{623067C0-45E0-4BB1-A9A9-59F0A07D997A}.Release|Any CPU.ActiveCfg = Release|Any CPU
		{623067C0-45E0-4BB1-A9A9-59F0A07D997A}.Release|Any CPU.Build.0 = Release|Any CPU
	EndGlobalSection
	GlobalSection(SolutionProperties) = preSolution
		HideSolutionNode = FALSE
	EndGlobalSection
	GlobalSection(ExtensibilityGlobals) = postSolution
		SolutionGuid = {631AEE68-26DE-4418-8B1D-3D40B2607FD8}
	EndGlobalSection
EndGlobal
